
Microsoft Visual Studio Solution File, Format Version 12.00
# Visual Studio Version 17
VisualStudioVersion = 17.2.32526.322
MinimumVisualStudioVersion = 10.0.40219.1
Project("{FAE04EC0-301F-11D3-BF4B-00C04F79EFBC}") = "Notepad", "Notepad\Notepad.csproj", "{00F0ECBB-C267-4337-9238-1A8B2C04480A}"
EndProject
Global
	GlobalSection(SolutionConfigurationPlatforms) = preSolution
		Debug|Any CPU = Debug|Any CPU
		Release|Any CPU = Release|Any CPU
	EndGlobalSection
	GlobalSection(ProjectConfigurationPlatforms) = postSolution
		{00F0ECBB-C267-4337-9238-1A8B2C04480A}.Debug|Any CPU.ActiveCfg = Debug|Any CPU
		{00F0ECBB-C267-4337-9238-1A8B2C04480A}.Debug|Any CPU.Build.0 = Debug|Any CPU
		{00F0ECBB-C267-4337-9238-1A8B2C04480A}.Release|Any CPU.ActiveCfg = Release|Any CPU
		{00F0ECBB-C267-4337-9238-1A8B2C04480A}.Release|Any CPU.Build.0 = Release|Any CPU
	EndGlobalSection
	GlobalSection(SolutionProperties) = preSolution
		HideSolutionNode = FALSE
	EndGlobalSection
	GlobalSection(ExtensibilityGlobals) = postSolution
		SolutionGuid = {1A99D02B-C7F7-4366-B29F-830071B89C51}
	EndGlobalSection
EndGlobal
